// !$*UTF8*$!
{
	archiveVersion = 1;
	classes = {
	};
	objectVersion = 55;
	objects = {

/* Begin PBXBuildFile section */
		5732A2BC282EF555000DB77E /* AppDelegate.swift in Sources */ = {isa = PBXBuildFile; fileRef = 5732A2BB282EF555000DB77E /* AppDelegate.swift */; };
		5732A2BE282EF555000DB77E /* SceneDelegate.swift in Sources */ = {isa = PBXBuildFile; fileRef = 5732A2BD282EF555000DB77E /* SceneDelegate.swift */; };
		5732A2C0282EF555000DB77E /* ViewController.swift in Sources */ = {isa = PBXBuildFile; fileRef = 5732A2BF282EF555000DB77E /* ViewController.swift */; };
		5732A2C3282EF555000DB77E /* Main.storyboard in Resources */ = {isa = PBXBuildFile; fileRef = 5732A2C1282EF555000DB77E /* Main.storyboard */; };
		5732A2C5282EF556000DB77E /* Assets.xcassets in Resources */ = {isa = PBXBuildFile; fileRef = 5732A2C4282EF556000DB77E /* Assets.xcassets */; };
		5732A2C8282EF557000DB77E /* LaunchScreen.storyboard in Resources */ = {isa = PBXBuildFile; fileRef = 5732A2C6282EF557000DB77E /* LaunchScreen.storyboard */; };
		5732A2F0282EF95A000DB77E /* HTTPMethods.swift in Sources */ = {isa = PBXBuildFile; fileRef = 5732A2EF282EF95A000DB77E /* HTTPMethods.swift */; };
		5732A2F3282EFAD7000DB77E /* APIRequestProtocol.swift in Sources */ = {isa = PBXBuildFile; fileRef = 5732A2F2282EFAD7000DB77E /* APIRequestProtocol.swift */; };
		5732A2F5282EFB49000DB77E /* APIClientProtocol.swift in Sources */ = {isa = PBXBuildFile; fileRef = 5732A2F4282EFB49000DB77E /* APIClientProtocol.swift */; };
		5732A2F7282EFBD3000DB77E /* NetworkError.swift in Sources */ = {isa = PBXBuildFile; fileRef = 5732A2F6282EFBD3000DB77E /* NetworkError.swift */; };
		5732A2F9282F0D4B000DB77E /* ReposAPIClient.swift in Sources */ = {isa = PBXBuildFile; fileRef = 5732A2F8282F0D4B000DB77E /* ReposAPIClient.swift */; };
		5732A302282F1030000DB77E /* ReposListViewController.swift in Sources */ = {isa = PBXBuildFile; fileRef = 5732A301282F1030000DB77E /* ReposListViewController.swift */; };
		5732A305282F1261000DB77E /* RepoTableViewCell.swift in Sources */ = {isa = PBXBuildFile; fileRef = 5732A304282F1261000DB77E /* RepoTableViewCell.swift */; };
		5732A309282F1459000DB77E /* RepoUIModel.swift in Sources */ = {isa = PBXBuildFile; fileRef = 5732A308282F1459000DB77E /* RepoUIModel.swift */; };
		5732A30C282F15BF000DB77E /* ReposListViewController+TableView.swift in Sources */ = {isa = PBXBuildFile; fileRef = 5732A30B282F15BF000DB77E /* ReposListViewController+TableView.swift */; };
		5732A310282F183F000DB77E /* ReposRequest.swift in Sources */ = {isa = PBXBuildFile; fileRef = 5732A30F282F183F000DB77E /* ReposRequest.swift */; };
		5732A312282F191A000DB77E /* Repo.swift in Sources */ = {isa = PBXBuildFile; fileRef = 5732A311282F191A000DB77E /* Repo.swift */; };
		5732A314282F1927000DB77E /* Owner.swift in Sources */ = {isa = PBXBuildFile; fileRef = 5732A313282F1927000DB77E /* Owner.swift */; };
		5732A316282F1A62000DB77E /* RepoDataStoreProtocol.swift in Sources */ = {isa = PBXBuildFile; fileRef = 5732A315282F1A62000DB77E /* RepoDataStoreProtocol.swift */; };
		5732A318282F1AA3000DB77E /* RemoteRepoDataStore.swift in Sources */ = {isa = PBXBuildFile; fileRef = 5732A317282F1AA3000DB77E /* RemoteRepoDataStore.swift */; };
		5732A31A282F1C9C000DB77E /* RepoRepositoryProtocol.swift in Sources */ = {isa = PBXBuildFile; fileRef = 5732A319282F1C9C000DB77E /* RepoRepositoryProtocol.swift */; };
		5732A31C282F1CC0000DB77E /* RepoRepository.swift in Sources */ = {isa = PBXBuildFile; fileRef = 5732A31B282F1CC0000DB77E /* RepoRepository.swift */; };
		5732A31F282F1D2D000DB77E /* RepositoryFailureError.swift in Sources */ = {isa = PBXBuildFile; fileRef = 5732A31E282F1D2D000DB77E /* RepositoryFailureError.swift */; };
		5732A321282F1E9B000DB77E /* ReposListPresenterProtcol.swift in Sources */ = {isa = PBXBuildFile; fileRef = 5732A320282F1E9B000DB77E /* ReposListPresenterProtcol.swift */; };
		5732A323282F1F45000DB77E /* ReposListPresenter.swift in Sources */ = {isa = PBXBuildFile; fileRef = 5732A322282F1F45000DB77E /* ReposListPresenter.swift */; };
		5732A327282F2200000DB77E /* Collection+GithupReposApp.swift in Sources */ = {isa = PBXBuildFile; fileRef = 5732A326282F2200000DB77E /* Collection+GithupReposApp.swift */; };
		5732A32A282F2511000DB77E /* StoryboardNames.swift in Sources */ = {isa = PBXBuildFile; fileRef = 5732A329282F2511000DB77E /* StoryboardNames.swift */; };
		5732A32D282F28ED000DB77E /* CoordinatorProtocol.swift in Sources */ = {isa = PBXBuildFile; fileRef = 5732A32C282F28ED000DB77E /* CoordinatorProtocol.swift */; };
		5732A32F282F295A000DB77E /* MainCoordinator.swift in Sources */ = {isa = PBXBuildFile; fileRef = 5732A32E282F295A000DB77E /* MainCoordinator.swift */; };
		5732A332282F29E1000DB77E /* StoryboardaLoadableProtocol.swift in Sources */ = {isa = PBXBuildFile; fileRef = 5732A331282F29E1000DB77E /* StoryboardaLoadableProtocol.swift */; };
		5732A334282F2EA9000DB77E /* UIImageView+GithupReposApp.swift in Sources */ = {isa = PBXBuildFile; fileRef = 5732A333282F2EA9000DB77E /* UIImageView+GithupReposApp.swift */; };
		5732A338282F3326000DB77E /* RepoDetailsViewController.swift in Sources */ = {isa = PBXBuildFile; fileRef = 5732A337282F3326000DB77E /* RepoDetailsViewController.swift */; };
		5732A33B282FADFE000DB77E /* RepoListViewController+UISearchbarDelegate.swift in Sources */ = {isa = PBXBuildFile; fileRef = 5732A33A282FADFE000DB77E /* RepoListViewController+UISearchbarDelegate.swift */; };
		5732A33F282FAEDB000DB77E /* ReposSearcherProtocol.swift in Sources */ = {isa = PBXBuildFile; fileRef = 5732A33E282FAEDB000DB77E /* ReposSearcherProtocol.swift */; };
		5732A341282FAF39000DB77E /* ReposSearcher.swift in Sources */ = {isa = PBXBuildFile; fileRef = 5732A340282FAF39000DB77E /* ReposSearcher.swift */; };
		5732A351282FBC6E000DB77E /* ReposSearcherTests.swift in Sources */ = {isa = PBXBuildFile; fileRef = 5732A350282FBC6E000DB77E /* ReposSearcherTests.swift */; };
/* End PBXBuildFile section */

/* Begin PBXContainerItemProxy section */
		5732A2CF282EF557000DB77E /* PBXContainerItemProxy */ = {
			isa = PBXContainerItemProxy;
			containerPortal = 5732A2B0282EF555000DB77E /* Project object */;
			proxyType = 1;
			remoteGlobalIDString = 5732A2B7282EF555000DB77E;
			remoteInfo = GithupReposApp;
		};
		5732A2D9282EF557000DB77E /* PBXContainerItemProxy */ = {
			isa = PBXContainerItemProxy;
			containerPortal = 5732A2B0282EF555000DB77E /* Project object */;
			proxyType = 1;
			remoteGlobalIDString = 5732A2B7282EF555000DB77E;
			remoteInfo = GithupReposApp;
		};
/* End PBXContainerItemProxy section */

/* Begin PBXFileReference section */
		5732A2B8282EF555000DB77E /* GithupReposApp.app */ = {isa = PBXFileReference; explicitFileType = wrapper.application; includeInIndex = 0; path = GithupReposApp.app; sourceTree = BUILT_PRODUCTS_DIR; };
		5732A2BB282EF555000DB77E /* AppDelegate.swift */ = {isa = PBXFileReference; lastKnownFileType = sourcecode.swift; path = AppDelegate.swift; sourceTree = "<group>"; };
		5732A2BD282EF555000DB77E /* SceneDelegate.swift */ = {isa = PBXFileReference; lastKnownFileType = sourcecode.swift; path = SceneDelegate.swift; sourceTree = "<group>"; };
		5732A2BF282EF555000DB77E /* ViewController.swift */ = {isa = PBXFileReference; lastKnownFileType = sourcecode.swift; path = ViewController.swift; sourceTree = "<group>"; };
		5732A2C2282EF555000DB77E /* Base */ = {isa = PBXFileReference; lastKnownFileType = file.storyboard; name = Base; path = Base.lproj/Main.storyboard; sourceTree = "<group>"; };
		5732A2C4282EF556000DB77E /* Assets.xcassets */ = {isa = PBXFileReference; lastKnownFileType = folder.assetcatalog; path = Assets.xcassets; sourceTree = "<group>"; };
		5732A2C7282EF557000DB77E /* Base */ = {isa = PBXFileReference; lastKnownFileType = file.storyboard; name = Base; path = Base.lproj/LaunchScreen.storyboard; sourceTree = "<group>"; };
		5732A2C9282EF557000DB77E /* Info.plist */ = {isa = PBXFileReference; lastKnownFileType = text.plist.xml; path = Info.plist; sourceTree = "<group>"; };
		5732A2CE282EF557000DB77E /* GithupReposAppTests.xctest */ = {isa = PBXFileReference; explicitFileType = wrapper.cfbundle; includeInIndex = 0; path = GithupReposAppTests.xctest; sourceTree = BUILT_PRODUCTS_DIR; };
		5732A2D8282EF557000DB77E /* GithupReposAppUITests.xctest */ = {isa = PBXFileReference; explicitFileType = wrapper.cfbundle; includeInIndex = 0; path = GithupReposAppUITests.xctest; sourceTree = BUILT_PRODUCTS_DIR; };
		5732A2EF282EF95A000DB77E /* HTTPMethods.swift */ = {isa = PBXFileReference; lastKnownFileType = sourcecode.swift; path = HTTPMethods.swift; sourceTree = "<group>"; };
		5732A2F2282EFAD7000DB77E /* APIRequestProtocol.swift */ = {isa = PBXFileReference; lastKnownFileType = sourcecode.swift; path = APIRequestProtocol.swift; sourceTree = "<group>"; };
		5732A2F4282EFB49000DB77E /* APIClientProtocol.swift */ = {isa = PBXFileReference; lastKnownFileType = sourcecode.swift; path = APIClientProtocol.swift; sourceTree = "<group>"; };
		5732A2F6282EFBD3000DB77E /* NetworkError.swift */ = {isa = PBXFileReference; lastKnownFileType = sourcecode.swift; path = NetworkError.swift; sourceTree = "<group>"; };
		5732A2F8282F0D4B000DB77E /* ReposAPIClient.swift */ = {isa = PBXFileReference; lastKnownFileType = sourcecode.swift; path = ReposAPIClient.swift; sourceTree = "<group>"; };
		5732A301282F1030000DB77E /* ReposListViewController.swift */ = {isa = PBXFileReference; lastKnownFileType = sourcecode.swift; path = ReposListViewController.swift; sourceTree = "<group>"; };
		5732A304282F1261000DB77E /* RepoTableViewCell.swift */ = {isa = PBXFileReference; lastKnownFileType = sourcecode.swift; path = RepoTableViewCell.swift; sourceTree = "<group>"; };
		5732A308282F1459000DB77E /* RepoUIModel.swift */ = {isa = PBXFileReference; lastKnownFileType = sourcecode.swift; path = RepoUIModel.swift; sourceTree = "<group>"; };
		5732A30B282F15BF000DB77E /* ReposListViewController+TableView.swift */ = {isa = PBXFileReference; lastKnownFileType = sourcecode.swift; path = "ReposListViewController+TableView.swift"; sourceTree = "<group>"; };
		5732A30F282F183F000DB77E /* ReposRequest.swift */ = {isa = PBXFileReference; lastKnownFileType = sourcecode.swift; path = ReposRequest.swift; sourceTree = "<group>"; };
		5732A311282F191A000DB77E /* Repo.swift */ = {isa = PBXFileReference; lastKnownFileType = sourcecode.swift; path = Repo.swift; sourceTree = "<group>"; };
		5732A313282F1927000DB77E /* Owner.swift */ = {isa = PBXFileReference; lastKnownFileType = sourcecode.swift; path = Owner.swift; sourceTree = "<group>"; };
		5732A315282F1A62000DB77E /* RepoDataStoreProtocol.swift */ = {isa = PBXFileReference; lastKnownFileType = sourcecode.swift; path = RepoDataStoreProtocol.swift; sourceTree = "<group>"; };
		5732A317282F1AA3000DB77E /* RemoteRepoDataStore.swift */ = {isa = PBXFileReference; lastKnownFileType = sourcecode.swift; path = RemoteRepoDataStore.swift; sourceTree = "<group>"; };
		5732A319282F1C9C000DB77E /* RepoRepositoryProtocol.swift */ = {isa = PBXFileReference; lastKnownFileType = sourcecode.swift; path = RepoRepositoryProtocol.swift; sourceTree = "<group>"; };
		5732A31B282F1CC0000DB77E /* RepoRepository.swift */ = {isa = PBXFileReference; lastKnownFileType = sourcecode.swift; path = RepoRepository.swift; sourceTree = "<group>"; };
		5732A31E282F1D2D000DB77E /* RepositoryFailureError.swift */ = {isa = PBXFileReference; lastKnownFileType = sourcecode.swift; path = RepositoryFailureError.swift; sourceTree = "<group>"; };
		5732A320282F1E9B000DB77E /* ReposListPresenterProtcol.swift */ = {isa = PBXFileReference; lastKnownFileType = sourcecode.swift; path = ReposListPresenterProtcol.swift; sourceTree = "<group>"; };
		5732A322282F1F45000DB77E /* ReposListPresenter.swift */ = {isa = PBXFileReference; lastKnownFileType = sourcecode.swift; path = ReposListPresenter.swift; sourceTree = "<group>"; };
		5732A326282F2200000DB77E /* Collection+GithupReposApp.swift */ = {isa = PBXFileReference; lastKnownFileType = sourcecode.swift; path = "Collection+GithupReposApp.swift"; sourceTree = "<group>"; };
		5732A329282F2511000DB77E /* StoryboardNames.swift */ = {isa = PBXFileReference; lastKnownFileType = sourcecode.swift; path = StoryboardNames.swift; sourceTree = "<group>"; };
		5732A32C282F28ED000DB77E /* CoordinatorProtocol.swift */ = {isa = PBXFileReference; lastKnownFileType = sourcecode.swift; path = CoordinatorProtocol.swift; sourceTree = "<group>"; };
		5732A32E282F295A000DB77E /* MainCoordinator.swift */ = {isa = PBXFileReference; lastKnownFileType = sourcecode.swift; path = MainCoordinator.swift; sourceTree = "<group>"; };
		5732A331282F29E1000DB77E /* StoryboardaLoadableProtocol.swift */ = {isa = PBXFileReference; lastKnownFileType = sourcecode.swift; path = StoryboardaLoadableProtocol.swift; sourceTree = "<group>"; };
		5732A333282F2EA9000DB77E /* UIImageView+GithupReposApp.swift */ = {isa = PBXFileReference; lastKnownFileType = sourcecode.swift; path = "UIImageView+GithupReposApp.swift"; sourceTree = "<group>"; };
		5732A337282F3326000DB77E /* RepoDetailsViewController.swift */ = {isa = PBXFileReference; lastKnownFileType = sourcecode.swift; path = RepoDetailsViewController.swift; sourceTree = "<group>"; };
		5732A33A282FADFE000DB77E /* RepoListViewController+UISearchbarDelegate.swift */ = {isa = PBXFileReference; lastKnownFileType = sourcecode.swift; path = "RepoListViewController+UISearchbarDelegate.swift"; sourceTree = "<group>"; };
		5732A33E282FAEDB000DB77E /* ReposSearcherProtocol.swift */ = {isa = PBXFileReference; lastKnownFileType = sourcecode.swift; path = ReposSearcherProtocol.swift; sourceTree = "<group>"; };
		5732A340282FAF39000DB77E /* ReposSearcher.swift */ = {isa = PBXFileReference; lastKnownFileType = sourcecode.swift; path = ReposSearcher.swift; sourceTree = "<group>"; };
		5732A350282FBC6E000DB77E /* ReposSearcherTests.swift */ = {isa = PBXFileReference; lastKnownFileType = sourcecode.swift; path = ReposSearcherTests.swift; sourceTree = "<group>"; };
/* End PBXFileReference section */

/* Begin PBXFrameworksBuildPhase section */
		5732A2B5282EF555000DB77E /* Frameworks */ = {
			isa = PBXFrameworksBuildPhase;
			buildActionMask = 2147483647;
			files = (
			);
			runOnlyForDeploymentPostprocessing = 0;
		};
		5732A2CB282EF557000DB77E /* Frameworks */ = {
			isa = PBXFrameworksBuildPhase;
			buildActionMask = 2147483647;
			files = (
			);
			runOnlyForDeploymentPostprocessing = 0;
		};
		5732A2D5282EF557000DB77E /* Frameworks */ = {
			isa = PBXFrameworksBuildPhase;
			buildActionMask = 2147483647;
			files = (
			);
			runOnlyForDeploymentPostprocessing = 0;
		};
/* End PBXFrameworksBuildPhase section */

/* Begin PBXGroup section */
		5732A2AF282EF555000DB77E = {
			isa = PBXGroup;
			children = (
				5732A2BA282EF555000DB77E /* GithupReposApp */,
				5732A2D1282EF557000DB77E /* GithupReposAppTests */,
				5732A2DB282EF557000DB77E /* GithupReposAppUITests */,
				5732A2B9282EF555000DB77E /* Products */,
			);
			sourceTree = "<group>";
		};
		5732A2B9282EF555000DB77E /* Products */ = {
			isa = PBXGroup;
			children = (
				5732A2B8282EF555000DB77E /* GithupReposApp.app */,
				5732A2CE282EF557000DB77E /* GithupReposAppTests.xctest */,
				5732A2D8282EF557000DB77E /* GithupReposAppUITests.xctest */,
			);
			name = Products;
			sourceTree = "<group>";
		};
		5732A2BA282EF555000DB77E /* GithupReposApp */ = {
			isa = PBXGroup;
			children = (
				5732A335282F32FF000DB77E /* RepoDetails */,
				5732A2FA282F0EF2000DB77E /* ReposList */,
				5732A2EB282EF923000DB77E /* Core */,
				5732A324282F21DD000DB77E /* Utilities */,
				5732A2BB282EF555000DB77E /* AppDelegate.swift */,
				5732A2BD282EF555000DB77E /* SceneDelegate.swift */,
				5732A2BF282EF555000DB77E /* ViewController.swift */,
				5732A2C1282EF555000DB77E /* Main.storyboard */,
				5732A2C4282EF556000DB77E /* Assets.xcassets */,
				5732A2C6282EF557000DB77E /* LaunchScreen.storyboard */,
				5732A2C9282EF557000DB77E /* Info.plist */,
			);
			path = GithupReposApp;
			sourceTree = "<group>";
		};
		5732A2D1282EF557000DB77E /* GithupReposAppTests */ = {
			isa = PBXGroup;
			children = (
				5732A34D282FBC4D000DB77E /* ReposList */,
			);
			path = GithupReposAppTests;
			sourceTree = "<group>";
		};
		5732A2DB282EF557000DB77E /* GithupReposAppUITests */ = {
			isa = PBXGroup;
			children = (
			);
			path = GithupReposAppUITests;
			sourceTree = "<group>";
		};
		5732A2EB282EF923000DB77E /* Core */ = {
			isa = PBXGroup;
			children = (
				5732A32B282F28C1000DB77E /* Navigation */,
				5732A2EC282EF929000DB77E /* NetworkLayer */,
			);
			path = Core;
			sourceTree = "<group>";
		};
		5732A2EC282EF929000DB77E /* NetworkLayer */ = {
			isa = PBXGroup;
			children = (
				5732A2EE282EF949000DB77E /* Enums */,
				5732A2ED282EF931000DB77E /* Request */,
				5732A2F1282EFA20000DB77E /* APIClient */,
			);
			path = NetworkLayer;
			sourceTree = "<group>";
		};
		5732A2ED282EF931000DB77E /* Request */ = {
			isa = PBXGroup;
			children = (
				5732A2F2282EFAD7000DB77E /* APIRequestProtocol.swift */,
			);
			path = Request;
			sourceTree = "<group>";
		};
		5732A2EE282EF949000DB77E /* Enums */ = {
			isa = PBXGroup;
			children = (
				5732A2EF282EF95A000DB77E /* HTTPMethods.swift */,
				5732A2F6282EFBD3000DB77E /* NetworkError.swift */,
			);
			path = Enums;
			sourceTree = "<group>";
		};
		5732A2F1282EFA20000DB77E /* APIClient */ = {
			isa = PBXGroup;
			children = (
				5732A2F4282EFB49000DB77E /* APIClientProtocol.swift */,
				5732A2F8282F0D4B000DB77E /* ReposAPIClient.swift */,
			);
			path = APIClient;
			sourceTree = "<group>";
		};
		5732A2FA282F0EF2000DB77E /* ReposList */ = {
			isa = PBXGroup;
			children = (
				5732A33C282FAEA7000DB77E /* Helpers */,
				5732A300282F0F55000DB77E /* Request */,
				5732A2FF282F0F4E000DB77E /* Model */,
				5732A2FE282F0F3C000DB77E /* DataStore */,
				5732A2FD282F0F1C000DB77E /* Repository */,
				5732A2FC282F0F16000DB77E /* Presenter */,
				5732A2FB282F0F0C000DB77E /* View */,
			);
			path = ReposList;
			sourceTree = "<group>";
		};
		5732A2FB282F0F0C000DB77E /* View */ = {
			isa = PBXGroup;
			children = (
				5732A30A282F159F000DB77E /* Extensions */,
				5732A303282F123B000DB77E /* Cell */,
				5732A301282F1030000DB77E /* ReposListViewController.swift */,
			);
			path = View;
			sourceTree = "<group>";
		};
		5732A2FC282F0F16000DB77E /* Presenter */ = {
			isa = PBXGroup;
			children = (
				5732A320282F1E9B000DB77E /* ReposListPresenterProtcol.swift */,
				5732A322282F1F45000DB77E /* ReposListPresenter.swift */,
			);
			path = Presenter;
			sourceTree = "<group>";
		};
		5732A2FD282F0F1C000DB77E /* Repository */ = {
			isa = PBXGroup;
			children = (
				5732A31D282F1D1A000DB77E /* Enum */,
				5732A319282F1C9C000DB77E /* RepoRepositoryProtocol.swift */,
				5732A31B282F1CC0000DB77E /* RepoRepository.swift */,
			);
			path = Repository;
			sourceTree = "<group>";
		};
		5732A2FE282F0F3C000DB77E /* DataStore */ = {
			isa = PBXGroup;
			children = (
				5732A315282F1A62000DB77E /* RepoDataStoreProtocol.swift */,
				5732A317282F1AA3000DB77E /* RemoteRepoDataStore.swift */,
			);
			path = DataStore;
			sourceTree = "<group>";
		};
		5732A2FF282F0F4E000DB77E /* Model */ = {
			isa = PBXGroup;
			children = (
				5732A306282F13BF000DB77E /* UIModels */,
				5732A311282F191A000DB77E /* Repo.swift */,
				5732A313282F1927000DB77E /* Owner.swift */,
			);
			path = Model;
			sourceTree = "<group>";
		};
		5732A300282F0F55000DB77E /* Request */ = {
			isa = PBXGroup;
			children = (
				5732A30F282F183F000DB77E /* ReposRequest.swift */,
			);
			path = Request;
			sourceTree = "<group>";
		};
		5732A303282F123B000DB77E /* Cell */ = {
			isa = PBXGroup;
			children = (
				5732A304282F1261000DB77E /* RepoTableViewCell.swift */,
			);
			path = Cell;
			sourceTree = "<group>";
		};
		5732A306282F13BF000DB77E /* UIModels */ = {
			isa = PBXGroup;
			children = (
				5732A308282F1459000DB77E /* RepoUIModel.swift */,
			);
			path = UIModels;
			sourceTree = "<group>";
		};
		5732A30A282F159F000DB77E /* Extensions */ = {
			isa = PBXGroup;
			children = (
				5732A30B282F15BF000DB77E /* ReposListViewController+TableView.swift */,
				5732A33A282FADFE000DB77E /* RepoListViewController+UISearchbarDelegate.swift */,
			);
			path = Extensions;
			sourceTree = "<group>";
		};
		5732A31D282F1D1A000DB77E /* Enum */ = {
			isa = PBXGroup;
			children = (
				5732A31E282F1D2D000DB77E /* RepositoryFailureError.swift */,
			);
			path = Enum;
			sourceTree = "<group>";
		};
		5732A324282F21DD000DB77E /* Utilities */ = {
			isa = PBXGroup;
			children = (
				5732A330282F29CC000DB77E /* Views */,
				5732A328282F24FA000DB77E /* Constants */,
				5732A325282F21E8000DB77E /* Extensions */,
			);
			path = Utilities;
			sourceTree = "<group>";
		};
		5732A325282F21E8000DB77E /* Extensions */ = {
			isa = PBXGroup;
			children = (
				5732A326282F2200000DB77E /* Collection+GithupReposApp.swift */,
				5732A333282F2EA9000DB77E /* UIImageView+GithupReposApp.swift */,
			);
			path = Extensions;
			sourceTree = "<group>";
		};
		5732A328282F24FA000DB77E /* Constants */ = {
			isa = PBXGroup;
			children = (
				5732A329282F2511000DB77E /* StoryboardNames.swift */,
			);
			path = Constants;
			sourceTree = "<group>";
		};
		5732A32B282F28C1000DB77E /* Navigation */ = {
			isa = PBXGroup;
			children = (
				5732A32C282F28ED000DB77E /* CoordinatorProtocol.swift */,
				5732A32E282F295A000DB77E /* MainCoordinator.swift */,
			);
			path = Navigation;
			sourceTree = "<group>";
		};
		5732A330282F29CC000DB77E /* Views */ = {
			isa = PBXGroup;
			children = (
				5732A331282F29E1000DB77E /* StoryboardaLoadableProtocol.swift */,
			);
			path = Views;
			sourceTree = "<group>";
		};
		5732A335282F32FF000DB77E /* RepoDetails */ = {
			isa = PBXGroup;
			children = (
				5732A336282F3307000DB77E /* View */,
			);
			path = RepoDetails;
			sourceTree = "<group>";
		};
		5732A336282F3307000DB77E /* View */ = {
			isa = PBXGroup;
			children = (
				5732A337282F3326000DB77E /* RepoDetailsViewController.swift */,
			);
			path = View;
			sourceTree = "<group>";
		};
		5732A33C282FAEA7000DB77E /* Helpers */ = {
			isa = PBXGroup;
			children = (
				5732A33D282FAEB5000DB77E /* Searcher */,
			);
			path = Helpers;
			sourceTree = "<group>";
		};
		5732A33D282FAEB5000DB77E /* Searcher */ = {
			isa = PBXGroup;
			children = (
				5732A33E282FAEDB000DB77E /* ReposSearcherProtocol.swift */,
				5732A340282FAF39000DB77E /* ReposSearcher.swift */,
			);
			path = Searcher;
			sourceTree = "<group>";
		};
		5732A34D282FBC4D000DB77E /* ReposList */ = {
			isa = PBXGroup;
			children = (
				5732A34E282FBC53000DB77E /* Helpers */,
			);
			path = ReposList;
			sourceTree = "<group>";
		};
		5732A34E282FBC53000DB77E /* Helpers */ = {
			isa = PBXGroup;
			children = (
				5732A34F282FBC5E000DB77E /* Searcher */,
			);
			path = Helpers;
			sourceTree = "<group>";
		};
		5732A34F282FBC5E000DB77E /* Searcher */ = {
			isa = PBXGroup;
			children = (
				5732A350282FBC6E000DB77E /* ReposSearcherTests.swift */,
			);
			path = Searcher;
			sourceTree = "<group>";
		};
/* End PBXGroup section */

/* Begin PBXNativeTarget section */
		5732A2B7282EF555000DB77E /* GithupReposApp */ = {
			isa = PBXNativeTarget;
			buildConfigurationList = 5732A2E2282EF557000DB77E /* Build configuration list for PBXNativeTarget "GithupReposApp" */;
			buildPhases = (
				5732A2B4282EF555000DB77E /* Sources */,
				5732A2B5282EF555000DB77E /* Frameworks */,
				5732A2B6282EF555000DB77E /* Resources */,
			);
			buildRules = (
			);
			dependencies = (
			);
			name = GithupReposApp;
			productName = GithupReposApp;
			productReference = 5732A2B8282EF555000DB77E /* GithupReposApp.app */;
			productType = "com.apple.product-type.application";
		};
		5732A2CD282EF557000DB77E /* GithupReposAppTests */ = {
			isa = PBXNativeTarget;
			buildConfigurationList = 5732A2E5282EF557000DB77E /* Build configuration list for PBXNativeTarget "GithupReposAppTests" */;
			buildPhases = (
				5732A2CA282EF557000DB77E /* Sources */,
				5732A2CB282EF557000DB77E /* Frameworks */,
				5732A2CC282EF557000DB77E /* Resources */,
			);
			buildRules = (
			);
			dependencies = (
				5732A2D0282EF557000DB77E /* PBXTargetDependency */,
			);
			name = GithupReposAppTests;
			productName = GithupReposAppTests;
			productReference = 5732A2CE282EF557000DB77E /* GithupReposAppTests.xctest */;
			productType = "com.apple.product-type.bundle.unit-test";
		};
		5732A2D7282EF557000DB77E /* GithupReposAppUITests */ = {
			isa = PBXNativeTarget;
			buildConfigurationList = 5732A2E8282EF557000DB77E /* Build configuration list for PBXNativeTarget "GithupReposAppUITests" */;
			buildPhases = (
				5732A2D4282EF557000DB77E /* Sources */,
				5732A2D5282EF557000DB77E /* Frameworks */,
				5732A2D6282EF557000DB77E /* Resources */,
			);
			buildRules = (
			);
			dependencies = (
				5732A2DA282EF557000DB77E /* PBXTargetDependency */,
			);
			name = GithupReposAppUITests;
			productName = GithupReposAppUITests;
			productReference = 5732A2D8282EF557000DB77E /* GithupReposAppUITests.xctest */;
			productType = "com.apple.product-type.bundle.ui-testing";
		};
/* End PBXNativeTarget section */

/* Begin PBXProject section */
		5732A2B0282EF555000DB77E /* Project object */ = {
			isa = PBXProject;
			attributes = {
				BuildIndependentTargetsInParallel = 1;
				LastSwiftUpdateCheck = 1300;
				LastUpgradeCheck = 1300;
				TargetAttributes = {
					5732A2B7282EF555000DB77E = {
						CreatedOnToolsVersion = 13.0;
					};
					5732A2CD282EF557000DB77E = {
						CreatedOnToolsVersion = 13.0;
						TestTargetID = 5732A2B7282EF555000DB77E;
					};
					5732A2D7282EF557000DB77E = {
						CreatedOnToolsVersion = 13.0;
						TestTargetID = 5732A2B7282EF555000DB77E;
					};
				};
			};
			buildConfigurationList = 5732A2B3282EF555000DB77E /* Build configuration list for PBXProject "GithupReposApp" */;
			compatibilityVersion = "Xcode 13.0";
			developmentRegion = en;
			hasScannedForEncodings = 0;
			knownRegions = (
				en,
				Base,
			);
			mainGroup = 5732A2AF282EF555000DB77E;
			productRefGroup = 5732A2B9282EF555000DB77E /* Products */;
			projectDirPath = "";
			projectRoot = "";
			targets = (
				5732A2B7282EF555000DB77E /* GithupReposApp */,
				5732A2CD282EF557000DB77E /* GithupReposAppTests */,
				5732A2D7282EF557000DB77E /* GithupReposAppUITests */,
			);
		};
/* End PBXProject section */

/* Begin PBXResourcesBuildPhase section */
		5732A2B6282EF555000DB77E /* Resources */ = {
			isa = PBXResourcesBuildPhase;
			buildActionMask = 2147483647;
			files = (
				5732A2C8282EF557000DB77E /* LaunchScreen.storyboard in Resources */,
				5732A2C5282EF556000DB77E /* Assets.xcassets in Resources */,
				5732A2C3282EF555000DB77E /* Main.storyboard in Resources */,
			);
			runOnlyForDeploymentPostprocessing = 0;
		};
		5732A2CC282EF557000DB77E /* Resources */ = {
			isa = PBXResourcesBuildPhase;
			buildActionMask = 2147483647;
			files = (
			);
			runOnlyForDeploymentPostprocessing = 0;
		};
		5732A2D6282EF557000DB77E /* Resources */ = {
			isa = PBXResourcesBuildPhase;
			buildActionMask = 2147483647;
			files = (
			);
			runOnlyForDeploymentPostprocessing = 0;
		};
/* End PBXResourcesBuildPhase section */

/* Begin PBXSourcesBuildPhase section */
		5732A2B4282EF555000DB77E /* Sources */ = {
			isa = PBXSourcesBuildPhase;
			buildActionMask = 2147483647;
			files = (
				5732A2F0282EF95A000DB77E /* HTTPMethods.swift in Sources */,
				5732A31F282F1D2D000DB77E /* RepositoryFailureError.swift in Sources */,
				5732A334282F2EA9000DB77E /* UIImageView+GithupReposApp.swift in Sources */,
				5732A2F9282F0D4B000DB77E /* ReposAPIClient.swift in Sources */,
				5732A341282FAF39000DB77E /* ReposSearcher.swift in Sources */,
				5732A302282F1030000DB77E /* ReposListViewController.swift in Sources */,
				5732A305282F1261000DB77E /* RepoTableViewCell.swift in Sources */,
				5732A33F282FAEDB000DB77E /* ReposSearcherProtocol.swift in Sources */,
				5732A2F7282EFBD3000DB77E /* NetworkError.swift in Sources */,
				5732A318282F1AA3000DB77E /* RemoteRepoDataStore.swift in Sources */,
				5732A316282F1A62000DB77E /* RepoDataStoreProtocol.swift in Sources */,
				5732A31A282F1C9C000DB77E /* RepoRepositoryProtocol.swift in Sources */,
				5732A309282F1459000DB77E /* RepoUIModel.swift in Sources */,
				5732A2F3282EFAD7000DB77E /* APIRequestProtocol.swift in Sources */,
				5732A312282F191A000DB77E /* Repo.swift in Sources */,
				5732A2C0282EF555000DB77E /* ViewController.swift in Sources */,
				5732A321282F1E9B000DB77E /* ReposListPresenterProtcol.swift in Sources */,
				5732A314282F1927000DB77E /* Owner.swift in Sources */,
				5732A338282F3326000DB77E /* RepoDetailsViewController.swift in Sources */,
				5732A30C282F15BF000DB77E /* ReposListViewController+TableView.swift in Sources */,
				5732A2BC282EF555000DB77E /* AppDelegate.swift in Sources */,
				5732A2BE282EF555000DB77E /* SceneDelegate.swift in Sources */,
				5732A323282F1F45000DB77E /* ReposListPresenter.swift in Sources */,
				5732A31C282F1CC0000DB77E /* RepoRepository.swift in Sources */,
				5732A310282F183F000DB77E /* ReposRequest.swift in Sources */,
				5732A32A282F2511000DB77E /* StoryboardNames.swift in Sources */,
				5732A332282F29E1000DB77E /* StoryboardaLoadableProtocol.swift in Sources */,
				5732A32D282F28ED000DB77E /* CoordinatorProtocol.swift in Sources */,
				5732A32F282F295A000DB77E /* MainCoordinator.swift in Sources */,
				5732A33B282FADFE000DB77E /* RepoListViewController+UISearchbarDelegate.swift in Sources */,
				5732A2F5282EFB49000DB77E /* APIClientProtocol.swift in Sources */,
				5732A327282F2200000DB77E /* Collection+GithupReposApp.swift in Sources */,
			);
			runOnlyForDeploymentPostprocessing = 0;
		};
		5732A2CA282EF557000DB77E /* Sources */ = {
			isa = PBXSourcesBuildPhase;
			buildActionMask = 2147483647;
			files = (
				5732A351282FBC6E000DB77E /* ReposSearcherTests.swift in Sources */,
			);
			runOnlyForDeploymentPostprocessing = 0;
		};
		5732A2D4282EF557000DB77E /* Sources */ = {
			isa = PBXSourcesBuildPhase;
			buildActionMask = 2147483647;
			files = (
			);
			runOnlyForDeploymentPostprocessing = 0;
		};
/* End PBXSourcesBuildPhase section */

/* Begin PBXTargetDependency section */
		5732A2D0282EF557000DB77E /* PBXTargetDependency */ = {
			isa = PBXTargetDependency;
			target = 5732A2B7282EF555000DB77E /* GithupReposApp */;
			targetProxy = 5732A2CF282EF557000DB77E /* PBXContainerItemProxy */;
		};
		5732A2DA282EF557000DB77E /* PBXTargetDependency */ = {
			isa = PBXTargetDependency;
			target = 5732A2B7282EF555000DB77E /* GithupReposApp */;
			targetProxy = 5732A2D9282EF557000DB77E /* PBXContainerItemProxy */;
		};
/* End PBXTargetDependency section */

/* Begin PBXVariantGroup section */
		5732A2C1282EF555000DB77E /* Main.storyboard */ = {
			isa = PBXVariantGroup;
			children = (
				5732A2C2282EF555000DB77E /* Base */,
			);
			name = Main.storyboard;
			sourceTree = "<group>";
		};
		5732A2C6282EF557000DB77E /* LaunchScreen.storyboard */ = {
			isa = PBXVariantGroup;
			children = (
				5732A2C7282EF557000DB77E /* Base */,
			);
			name = LaunchScreen.storyboard;
			sourceTree = "<group>";
		};
/* End PBXVariantGroup section */

/* Begin XCBuildConfiguration section */
		5732A2E0282EF557000DB77E /* Debug */ = {
			isa = XCBuildConfiguration;
			buildSettings = {
				ALWAYS_SEARCH_USER_PATHS = NO;
				CLANG_ANALYZER_NONNULL = YES;
				CLANG_ANALYZER_NUMBER_OBJECT_CONVERSION = YES_AGGRESSIVE;
				CLANG_CXX_LANGUAGE_STANDARD = "gnu++17";
				CLANG_CXX_LIBRARY = "libc++";
				CLANG_ENABLE_MODULES = YES;
				CLANG_ENABLE_OBJC_ARC = YES;
				CLANG_ENABLE_OBJC_WEAK = YES;
				CLANG_WARN_BLOCK_CAPTURE_AUTORELEASING = YES;
				CLANG_WARN_BOOL_CONVERSION = YES;
				CLANG_WARN_COMMA = YES;
				CLANG_WARN_CONSTANT_CONVERSION = YES;
				CLANG_WARN_DEPRECATED_OBJC_IMPLEMENTATIONS = YES;
				CLANG_WARN_DIRECT_OBJC_ISA_USAGE = YES_ERROR;
				CLANG_WARN_DOCUMENTATION_COMMENTS = YES;
				CLANG_WARN_EMPTY_BODY = YES;
				CLANG_WARN_ENUM_CONVERSION = YES;
				CLANG_WARN_INFINITE_RECURSION = YES;
				CLANG_WARN_INT_CONVERSION = YES;
				CLANG_WARN_NON_LITERAL_NULL_CONVERSION = YES;
				CLANG_WARN_OBJC_IMPLICIT_RETAIN_SELF = YES;
				CLANG_WARN_OBJC_LITERAL_CONVERSION = YES;
				CLANG_WARN_OBJC_ROOT_CLASS = YES_ERROR;
				CLANG_WARN_QUOTED_INCLUDE_IN_FRAMEWORK_HEADER = YES;
				CLANG_WARN_RANGE_LOOP_ANALYSIS = YES;
				CLANG_WARN_STRICT_PROTOTYPES = YES;
				CLANG_WARN_SUSPICIOUS_MOVE = YES;
				CLANG_WARN_UNGUARDED_AVAILABILITY = YES_AGGRESSIVE;
				CLANG_WARN_UNREACHABLE_CODE = YES;
				CLANG_WARN__DUPLICATE_METHOD_MATCH = YES;
				COPY_PHASE_STRIP = NO;
				DEBUG_INFORMATION_FORMAT = dwarf;
				ENABLE_STRICT_OBJC_MSGSEND = YES;
				ENABLE_TESTABILITY = YES;
				GCC_C_LANGUAGE_STANDARD = gnu11;
				GCC_DYNAMIC_NO_PIC = NO;
				GCC_NO_COMMON_BLOCKS = YES;
				GCC_OPTIMIZATION_LEVEL = 0;
				GCC_PREPROCESSOR_DEFINITIONS = (
					"DEBUG=1",
					"$(inherited)",
				);
				GCC_WARN_64_TO_32_BIT_CONVERSION = YES;
				GCC_WARN_ABOUT_RETURN_TYPE = YES_ERROR;
				GCC_WARN_UNDECLARED_SELECTOR = YES;
				GCC_WARN_UNINITIALIZED_AUTOS = YES_AGGRESSIVE;
				GCC_WARN_UNUSED_FUNCTION = YES;
				GCC_WARN_UNUSED_VARIABLE = YES;
				IPHONEOS_DEPLOYMENT_TARGET = 15.0;
				MTL_ENABLE_DEBUG_INFO = INCLUDE_SOURCE;
				MTL_FAST_MATH = YES;
				ONLY_ACTIVE_ARCH = YES;
				SDKROOT = iphoneos;
				SWIFT_ACTIVE_COMPILATION_CONDITIONS = DEBUG;
				SWIFT_OPTIMIZATION_LEVEL = "-Onone";
			};
			name = Debug;
		};
		5732A2E1282EF557000DB77E /* Release */ = {
			isa = XCBuildConfiguration;
			buildSettings = {
				ALWAYS_SEARCH_USER_PATHS = NO;
				CLANG_ANALYZER_NONNULL = YES;
				CLANG_ANALYZER_NUMBER_OBJECT_CONVERSION = YES_AGGRESSIVE;
				CLANG_CXX_LANGUAGE_STANDARD = "gnu++17";
				CLANG_CXX_LIBRARY = "libc++";
				CLANG_ENABLE_MODULES = YES;
				CLANG_ENABLE_OBJC_ARC = YES;
				CLANG_ENABLE_OBJC_WEAK = YES;
				CLANG_WARN_BLOCK_CAPTURE_AUTORELEASING = YES;
				CLANG_WARN_BOOL_CONVERSION = YES;
				CLANG_WARN_COMMA = YES;
				CLANG_WARN_CONSTANT_CONVERSION = YES;
				CLANG_WARN_DEPRECATED_OBJC_IMPLEMENTATIONS = YES;
				CLANG_WARN_DIRECT_OBJC_ISA_USAGE = YES_ERROR;
				CLANG_WARN_DOCUMENTATION_COMMENTS = YES;
				CLANG_WARN_EMPTY_BODY = YES;
				CLANG_WARN_ENUM_CONVERSION = YES;
				CLANG_WARN_INFINITE_RECURSION = YES;
				CLANG_WARN_INT_CONVERSION = YES;
				CLANG_WARN_NON_LITERAL_NULL_CONVERSION = YES;
				CLANG_WARN_OBJC_IMPLICIT_RETAIN_SELF = YES;
				CLANG_WARN_OBJC_LITERAL_CONVERSION = YES;
				CLANG_WARN_OBJC_ROOT_CLASS = YES_ERROR;
				CLANG_WARN_QUOTED_INCLUDE_IN_FRAMEWORK_HEADER = YES;
				CLANG_WARN_RANGE_LOOP_ANALYSIS = YES;
				CLANG_WARN_STRICT_PROTOTYPES = YES;
				CLANG_WARN_SUSPICIOUS_MOVE = YES;
				CLANG_WARN_UNGUARDED_AVAILABILITY = YES_AGGRESSIVE;
				CLANG_WARN_UNREACHABLE_CODE = YES;
				CLANG_WARN__DUPLICATE_METHOD_MATCH = YES;
				COPY_PHASE_STRIP = NO;
				DEBUG_INFORMATION_FORMAT = "dwarf-with-dsym";
				ENABLE_NS_ASSERTIONS = NO;
				ENABLE_STRICT_OBJC_MSGSEND = YES;
				GCC_C_LANGUAGE_STANDARD = gnu11;
				GCC_NO_COMMON_BLOCKS = YES;
				GCC_WARN_64_TO_32_BIT_CONVERSION = YES;
				GCC_WARN_ABOUT_RETURN_TYPE = YES_ERROR;
				GCC_WARN_UNDECLARED_SELECTOR = YES;
				GCC_WARN_UNINITIALIZED_AUTOS = YES_AGGRESSIVE;
				GCC_WARN_UNUSED_FUNCTION = YES;
				GCC_WARN_UNUSED_VARIABLE = YES;
				IPHONEOS_DEPLOYMENT_TARGET = 15.0;
				MTL_ENABLE_DEBUG_INFO = NO;
				MTL_FAST_MATH = YES;
				SDKROOT = iphoneos;
				SWIFT_COMPILATION_MODE = wholemodule;
				SWIFT_OPTIMIZATION_LEVEL = "-O";
				VALIDATE_PRODUCT = YES;
			};
			name = Release;
		};
		5732A2E3282EF557000DB77E /* Debug */ = {
			isa = XCBuildConfiguration;
			buildSettings = {
				ASSETCATALOG_COMPILER_APPICON_NAME = AppIcon;
				ASSETCATALOG_COMPILER_GLOBAL_ACCENT_COLOR_NAME = AccentColor;
				CODE_SIGN_STYLE = Automatic;
				CURRENT_PROJECT_VERSION = 1;
				GENERATE_INFOPLIST_FILE = YES;
				INFOPLIST_FILE = GithupReposApp/Info.plist;
				INFOPLIST_KEY_UIApplicationSupportsIndirectInputEvents = YES;
				INFOPLIST_KEY_UILaunchStoryboardName = LaunchScreen;
				INFOPLIST_KEY_UIMainStoryboardFile = Main;
				INFOPLIST_KEY_UISupportedInterfaceOrientations_iPad = "UIInterfaceOrientationPortrait UIInterfaceOrientationPortraitUpsideDown UIInterfaceOrientationLandscapeLeft UIInterfaceOrientationLandscapeRight";
				INFOPLIST_KEY_UISupportedInterfaceOrientations_iPhone = "UIInterfaceOrientationPortrait UIInterfaceOrientationLandscapeLeft UIInterfaceOrientationLandscapeRight";
				LD_RUNPATH_SEARCH_PATHS = (
					"$(inherited)",
					"@executable_path/Frameworks",
				);
				MARKETING_VERSION = 1.0;
				PRODUCT_BUNDLE_IDENTIFIER = Fareedz.GithupReposApp;
				PRODUCT_NAME = "$(TARGET_NAME)";
				SWIFT_EMIT_LOC_STRINGS = YES;
				SWIFT_VERSION = 5.0;
				TARGETED_DEVICE_FAMILY = "1,2";
			};
			name = Debug;
		};
		5732A2E4282EF557000DB77E /* Release */ = {
			isa = XCBuildConfiguration;
			buildSettings = {
				ASSETCATALOG_COMPILER_APPICON_NAME = AppIcon;
				ASSETCATALOG_COMPILER_GLOBAL_ACCENT_COLOR_NAME = AccentColor;
				CODE_SIGN_STYLE = Automatic;
				CURRENT_PROJECT_VERSION = 1;
				GENERATE_INFOPLIST_FILE = YES;
				INFOPLIST_FILE = GithupReposApp/Info.plist;
				INFOPLIST_KEY_UIApplicationSupportsIndirectInputEvents = YES;
				INFOPLIST_KEY_UILaunchStoryboardName = LaunchScreen;
				INFOPLIST_KEY_UIMainStoryboardFile = Main;
				INFOPLIST_KEY_UISupportedInterfaceOrientations_iPad = "UIInterfaceOrientationPortrait UIInterfaceOrientationPortraitUpsideDown UIInterfaceOrientationLandscapeLeft UIInterfaceOrientationLandscapeRight";
				INFOPLIST_KEY_UISupportedInterfaceOrientations_iPhone = "UIInterfaceOrientationPortrait UIInterfaceOrientationLandscapeLeft UIInterfaceOrientationLandscapeRight";
				LD_RUNPATH_SEARCH_PATHS = (
					"$(inherited)",
					"@executable_path/Frameworks",
				);
				MARKETING_VERSION = 1.0;
				PRODUCT_BUNDLE_IDENTIFIER = Fareedz.GithupReposApp;
				PRODUCT_NAME = "$(TARGET_NAME)";
				SWIFT_EMIT_LOC_STRINGS = YES;
				SWIFT_VERSION = 5.0;
				TARGETED_DEVICE_FAMILY = "1,2";
			};
			name = Release;
		};
		5732A2E6282EF557000DB77E /* Debug */ = {
			isa = XCBuildConfiguration;
			buildSettings = {
				ALWAYS_EMBED_SWIFT_STANDARD_LIBRARIES = YES;
				BUNDLE_LOADER = "$(TEST_HOST)";
				CODE_SIGN_STYLE = Automatic;
				CURRENT_PROJECT_VERSION = 1;
				GENERATE_INFOPLIST_FILE = YES;
				IPHONEOS_DEPLOYMENT_TARGET = 15.0;
				LD_RUNPATH_SEARCH_PATHS = (
					"$(inherited)",
					"@executable_path/Frameworks",
					"@loader_path/Frameworks",
				);
				MARKETING_VERSION = 1.0;
				PRODUCT_BUNDLE_IDENTIFIER = Fareedz.GithupReposAppTests;
				PRODUCT_NAME = "$(TARGET_NAME)";
				SWIFT_EMIT_LOC_STRINGS = NO;
				SWIFT_VERSION = 5.0;
				TARGETED_DEVICE_FAMILY = "1,2";
				TEST_HOST = "$(BUILT_PRODUCTS_DIR)/GithupReposApp.app/GithupReposApp";
			};
			name = Debug;
		};
		5732A2E7282EF557000DB77E /* Release */ = {
			isa = XCBuildConfiguration;
			buildSettings = {
				ALWAYS_EMBED_SWIFT_STANDARD_LIBRARIES = YES;
				BUNDLE_LOADER = "$(TEST_HOST)";
				CODE_SIGN_STYLE = Automatic;
				CURRENT_PROJECT_VERSION = 1;
				GENERATE_INFOPLIST_FILE = YES;
				IPHONEOS_DEPLOYMENT_TARGET = 15.0;
				LD_RUNPATH_SEARCH_PATHS = (
					"$(inherited)",
					"@executable_path/Frameworks",
					"@loader_path/Frameworks",
				);
				MARKETING_VERSION = 1.0;
				PRODUCT_BUNDLE_IDENTIFIER = Fareedz.GithupReposAppTests;
				PRODUCT_NAME = "$(TARGET_NAME)";
				SWIFT_EMIT_LOC_STRINGS = NO;
				SWIFT_VERSION = 5.0;
				TARGETED_DEVICE_FAMILY = "1,2";
				TEST_HOST = "$(BUILT_PRODUCTS_DIR)/GithupReposApp.app/GithupReposApp";
			};
			name = Release;
		};
		5732A2E9282EF557000DB77E /* Debug */ = {
			isa = XCBuildConfiguration;
			buildSettings = {
				ALWAYS_EMBED_SWIFT_STANDARD_LIBRARIES = YES;
				CODE_SIGN_STYLE = Automatic;
				CURRENT_PROJECT_VERSION = 1;
				GENERATE_INFOPLIST_FILE = YES;
				LD_RUNPATH_SEARCH_PATHS = (
					"$(inherited)",
					"@executable_path/Frameworks",
					"@loader_path/Frameworks",
				);
				MARKETING_VERSION = 1.0;
				PRODUCT_BUNDLE_IDENTIFIER = Fareedz.GithupReposAppUITests;
				PRODUCT_NAME = "$(TARGET_NAME)";
				SWIFT_EMIT_LOC_STRINGS = NO;
				SWIFT_VERSION = 5.0;
				TARGETED_DEVICE_FAMILY = "1,2";
				TEST_TARGET_NAME = GithupReposApp;
			};
			name = Debug;
		};
		5732A2EA282EF557000DB77E /* Release */ = {
			isa = XCBuildConfiguration;
			buildSettings = {
				ALWAYS_EMBED_SWIFT_STANDARD_LIBRARIES = YES;
				CODE_SIGN_STYLE = Automatic;
				CURRENT_PROJECT_VERSION = 1;
				GENERATE_INFOPLIST_FILE = YES;
				LD_RUNPATH_SEARCH_PATHS = (
					"$(inherited)",
					"@executable_path/Frameworks",
					"@loader_path/Frameworks",
				);
				MARKETING_VERSION = 1.0;
				PRODUCT_BUNDLE_IDENTIFIER = Fareedz.GithupReposAppUITests;
				PRODUCT_NAME = "$(TARGET_NAME)";
				SWIFT_EMIT_LOC_STRINGS = NO;
				SWIFT_VERSION = 5.0;
				TARGETED_DEVICE_FAMILY = "1,2";
				TEST_TARGET_NAME = GithupReposApp;
			};
			name = Release;
		};
/* End XCBuildConfiguration section */

/* Begin XCConfigurationList section */
		5732A2B3282EF555000DB77E /* Build configuration list for PBXProject "GithupReposApp" */ = {
			isa = XCConfigurationList;
			buildConfigurations = (
				5732A2E0282EF557000DB77E /* Debug */,
				5732A2E1282EF557000DB77E /* Release */,
			);
			defaultConfigurationIsVisible = 0;
			defaultConfigurationName = Release;
		};
		5732A2E2282EF557000DB77E /* Build configuration list for PBXNativeTarget "GithupReposApp" */ = {
			isa = XCConfigurationList;
			buildConfigurations = (
				5732A2E3282EF557000DB77E /* Debug */,
				5732A2E4282EF557000DB77E /* Release */,
			);
			defaultConfigurationIsVisible = 0;
			defaultConfigurationName = Release;
		};
		5732A2E5282EF557000DB77E /* Build configuration list for PBXNativeTarget "GithupReposAppTests" */ = {
			isa = XCConfigurationList;
			buildConfigurations = (
				5732A2E6282EF557000DB77E /* Debug */,
				5732A2E7282EF557000DB77E /* Release */,
			);
			defaultConfigurationIsVisible = 0;
			defaultConfigurationName = Release;
		};
		5732A2E8282EF557000DB77E /* Build configuration list for PBXNativeTarget "GithupReposAppUITests" */ = {
			isa = XCConfigurationList;
			buildConfigurations = (
				5732A2E9282EF557000DB77E /* Debug */,
				5732A2EA282EF557000DB77E /* Release */,
			);
			defaultConfigurationIsVisible = 0;
			defaultConfigurationName = Release;
		};
/* End XCConfigurationList section */
	};
	rootObject = 5732A2B0282EF555000DB77E /* Project object */;
}
